
Microsoft Visual Studio Solution File, Format Version 12.00
# Visual Studio Version 17
VisualStudioVersion = 17.11.35312.102
MinimumVisualStudioVersion = 10.0.40219.1
Project("{FAE04EC0-301F-11D3-BF4B-00C04F79EFBC}") = "POSxTransactions", "POSxTransactions\POSxTransactions.csproj", "{AF478648-BEE6-423D-B04B-BC63262A2182}"
EndProject
Global
	GlobalSection(SolutionConfigurationPlatforms) = preSolution
		Debug|Any CPU = Debug|Any CPU
		Release|Any CPU = Release|Any CPU
	EndGlobalSection
	GlobalSection(ProjectConfigurationPlatforms) = postSolution
		{AF478648-BEE6-423D-B04B-BC63262A2182}.Debug|Any CPU.ActiveCfg = Debug|Any CPU
		{AF478648-BEE6-423D-B04B-BC63262A2182}.Debug|Any CPU.Build.0 = Debug|Any CPU
		{AF478648-BEE6-423D-B04B-BC63262A2182}.Release|Any CPU.ActiveCfg = Release|Any CPU
		{AF478648-BEE6-423D-B04B-BC63262A2182}.Release|Any CPU.Build.0 = Release|Any CPU
	EndGlobalSection
	GlobalSection(SolutionProperties) = preSolution
		HideSolutionNode = FALSE
	EndGlobalSection
	GlobalSection(ExtensibilityGlobals) = postSolution
		SolutionGuid = {D070B485-F287-4E56-98BE-4647EC64EB98}
	EndGlobalSection
EndGlobal
